DEPENDENCIES
  aspyatkin-com
    path: ../aspyatkin-com-cookbook
  dotfiles
    git: https://github.com/aspyatkin/dotfiles-cookbook
    revision: c65f0e12b5498bbbf88d67bf25ab24703a55fc34
    tag: v1.2.0
  latest-git
    git: https://github.com/aspyatkin/latest-git
    revision: 32ceab15c0fb9895127ea056a715e54614431c0b
    tag: v1.1.9
  latest-nodejs
    git: https://github.com/aspyatkin/latest-nodejs
    revision: 61083dcd5e75077aadeb80af2a2753352dc3a88b
    tag: v1.2.6
  modern_nginx
    path: ../modern_nginx
  python (~> 1.4.6)

GRAPH
  7-zip (1.0.2)
    windows (>= 1.2.2)
  apt (2.9.2)
  ark (1.1.0)
    build-essential (>= 0.0.0)
    seven_zip (>= 0.0.0)
    windows (>= 0.0.0)
  aspyatkin-com (1.3.4)
    latest-git (~> 1.1.9)
    latest-nodejs (~> 1.2.6)
    modern_nginx (~> 1.2.5)
    rbenv (~> 1.7.1)
    ssh_known_hosts (~> 2.0.0)
    ssh_user (~> 0.1.1)
  bluepill (2.4.3)
    rsyslog (>= 2.0)
  build-essential (2.4.0)
    7-zip (>= 0.0.0)
  chef_handler (1.4.0)
  compat_resource (12.10.6)
  dmg (2.4.0)
  dotfiles (1.2.0)
    vim (~> 2.0.0)
    zsh (~> 1.0.3)
  git (4.5.0)
    build-essential (>= 0.0.0)
    dmg (>= 0.0.0)
    windows (>= 0.0.0)
    yum-epel (>= 0.0.0)
  homebrew (2.1.0)
    build-essential (>= 2.1.2)
  latest-git (1.1.9)
    build-essential (>= 2.4.0)
    git (~> 4.5.0)
  latest-nodejs (1.2.6)
    nodejs (~> 2.4.4)
  modern_nginx (1.2.7)
    nginx (= 2.7.6)
  nginx (2.7.6)
    apt (~> 2.2)
    bluepill (~> 2.3)
    build-essential (~> 2.0)
    ohai (~> 2.0)
    runit (~> 1.2)
    yum-epel (~> 0.3)
  nodejs (2.4.4)
    apt (>= 0.0.0)
    ark (>= 0.0.0)
    build-essential (>= 0.0.0)
    homebrew (>= 0.0.0)
    yum-epel (>= 0.0.0)
  ohai (2.1.0)
  packagecloud (0.2.3)
  partial_search (1.0.9)
  python (1.4.6)
    build-essential (>= 0.0.0)
    yum-epel (>= 0.0.0)
  rbenv (1.7.1)
    apt (>= 0.0.0)
    build-essential (>= 0.0.0)
    git (>= 0.0.0)
    ohai (>= 1.1)
  rsyslog (4.0.0)
    compat_resource (>= 0.0.0)
  runit (1.7.8)
    packagecloud (>= 0.0.0)
  seven_zip (2.0.1)
    windows (>= 1.2.2)
  ssh-util (0.6.3)
  ssh_known_hosts (2.0.0)
    partial_search (>= 0.0.0)
  ssh_user (0.1.1)
    ssh-util (>= 0.0.0)
    user (>= 0.0.0)
  user (0.4.2)
  vim (2.0.1)
  windows (1.43.0)
    chef_handler (>= 0.0.0)
  yum (3.11.0)
  yum-epel (0.7.0)
    yum (>= 3.6.3)
  zsh (1.0.3)
