DEPENDENCIES
  aspyatkin-com
    git: https://github.com/aspyatkin/aspyatkin-com-cookbook
    revision: 1edcdfd3d46e6b3a0f1a747e1ef313adbdc8a32a
    tag: v1.0.0
  dotfiles
    git: https://github.com/aspyatkin/dotfiles-cookbook
    revision: e844d1426f5b4911d06edd2c8b583cafdf007634
    tag: v1.1.0
  latest-git
    git: https://github.com/aspyatkin/latest-git
    revision: 42d911a88b6ee6cbbb3bb140db0273e225fbe7f1
    tag: v1.1.2
  latest-nodejs
    git: https://github.com/aspyatkin/latest-nodejs
    revision: 986fb2e0b26afc0442a964c33dffb13560411771
    tag: v1.1.1
  modern_nginx
    git: https://github.com/aspyatkin/modern_nginx
    revision: 4e673eaf6b237a6b6d5bfe5f9bf8dc94c60f4645
    tag: v1.0.0
  volgactf-ru
    git: https://github.com/VolgaCTF/volgactf-ru-cookbook
    revision: 4bddd631a36c2819f999b3b8afac541218769ca5
    tag: v1.0.0

GRAPH
  7-zip (1.0.2)
    windows (>= 1.2.2)
  apt (2.9.2)
  ark (0.9.0)
    7-zip (>= 0.0.0)
    windows (>= 0.0.0)
  aspyatkin-com (1.0.0)
    latest-git (~> 1.1.2)
    latest-nodejs (~> 1.1.1)
    modern_nginx (~> 1.0.0)
    rbenv (~> 1.7.1)
  bluepill (2.4.1)
    rsyslog (~> 2.0)
  build-essential (2.2.4)
  chef_handler (1.2.0)
  dmg (2.3.0)
  dotfiles (1.1.0)
    vim (~> 2.0.0)
    zsh (~> 1.0.3)
  git (4.3.5)
    build-essential (>= 0.0.0)
    dmg (>= 0.0.0)
    windows (>= 0.0.0)
    yum-epel (>= 0.0.0)
  homebrew (2.0.3)
    build-essential (>= 2.1.2)
  latest-git (1.1.2)
    build-essential (~> 2.2.4)
    git (~> 4.3.5)
  latest-nodejs (1.1.1)
    nodejs (~> 2.4.2)
  modern_nginx (1.0.0)
    nginx (= 2.7.6)
  nginx (2.7.6)
    apt (~> 2.2)
    bluepill (~> 2.3)
    build-essential (~> 2.0)
    ohai (~> 2.0)
    runit (~> 1.2)
    yum-epel (~> 0.3)
  nodejs (2.4.4)
    apt (>= 0.0.0)
    ark (>= 0.0.0)
    build-essential (>= 0.0.0)
    homebrew (>= 0.0.0)
    yum-epel (>= 0.0.0)
  ohai (2.0.4)
  packagecloud (0.1.1)
  rbenv (1.7.1)
    apt (>= 0.0.0)
    build-essential (>= 0.0.0)
    git (>= 0.0.0)
    ohai (>= 1.1)
  rsyslog (2.2.0)
  runit (1.7.6)
    packagecloud (>= 0.0.0)
  vim (2.0.0)
  volgactf-ru (1.0.0)
    latest-git (~> 1.1.2)
    latest-nodejs (~> 1.1.1)
    modern_nginx (~> 1.0.0)
  windows (1.38.4)
    chef_handler (>= 0.0.0)
  yum (3.8.2)
  yum-epel (0.6.5)
    yum (~> 3.2)
  zsh (1.0.3)
